// !$*UTF8*$!
{
	archiveVersion = 1;
	classes = {
	};
	objectVersion = 50;
	objects = {

/* Begin PBXBuildFile section */
		645D91662618B348007E3D90 /* AppDelegate.swift in Sources */ = {isa = PBXBuildFile; fileRef = 645D91652618B348007E3D90 /* AppDelegate.swift */; };
		645D91682618B348007E3D90 /* SceneDelegate.swift in Sources */ = {isa = PBXBuildFile; fileRef = 645D91672618B348007E3D90 /* SceneDelegate.swift */; };
		645D916A2618B348007E3D90 /* ViewController.swift in Sources */ = {isa = PBXBuildFile; fileRef = 645D91692618B348007E3D90 /* ViewController.swift */; };
		645D916D2618B348007E3D90 /* Main.storyboard in Resources */ = {isa = PBXBuildFile; fileRef = 645D916B2618B348007E3D90 /* Main.storyboard */; };
		645D91702618B348007E3D90 /* GoodAsOldPhones_01.xcdatamodeld in Sources */ = {isa = PBXBuildFile; fileRef = 645D916E2618B348007E3D90 /* GoodAsOldPhones_01.xcdatamodeld */; };
		645D91722618B34A007E3D90 /* Assets.xcassets in Resources */ = {isa = PBXBuildFile; fileRef = 645D91712618B34A007E3D90 /* Assets.xcassets */; };
		645D91752618B34A007E3D90 /* LaunchScreen.storyboard in Resources */ = {isa = PBXBuildFile; fileRef = 645D91732618B34A007E3D90 /* LaunchScreen.storyboard */; };
		645D91802618B34A007E3D90 /* GoodAsOldPhones_01Tests.swift in Sources */ = {isa = PBXBuildFile; fileRef = 645D917F2618B34A007E3D90 /* GoodAsOldPhones_01Tests.swift */; };
		645D918B2618B34A007E3D90 /* GoodAsOldPhones_01UITests.swift in Sources */ = {isa = PBXBuildFile; fileRef = 645D918A2618B34A007E3D90 /* GoodAsOldPhones_01UITests.swift */; };
/* End PBXBuildFile section */

/* Begin PBXContainerItemProxy section */
		645D917C2618B34A007E3D90 /* PBXContainerItemProxy */ = {
			isa = PBXContainerItemProxy;
			containerPortal = 645D915A2618B348007E3D90 /* Project object */;
			proxyType = 1;
			remoteGlobalIDString = 645D91612618B348007E3D90;
			remoteInfo = GoodAsOldPhones_01;
		};
		645D91872618B34A007E3D90 /* PBXContainerItemProxy */ = {
			isa = PBXContainerItemProxy;
			containerPortal = 645D915A2618B348007E3D90 /* Project object */;
			proxyType = 1;
			remoteGlobalIDString = 645D91612618B348007E3D90;
			remoteInfo = GoodAsOldPhones_01;
		};
/* End PBXContainerItemProxy section */

/* Begin PBXFileReference section */
		645D91622618B348007E3D90 /* GoodAsOldPhones_01.app */ = {isa = PBXFileReference; explicitFileType = wrapper.application; includeInIndex = 0; path = GoodAsOldPhones_01.app; sourceTree = BUILT_PRODUCTS_DIR; };
		645D91652618B348007E3D90 /* AppDelegate.swift */ = {isa = PBXFileReference; lastKnownFileType = sourcecode.swift; path = AppDelegate.swift; sourceTree = "<group>"; };
		645D91672618B348007E3D90 /* SceneDelegate.swift */ = {isa = PBXFileReference; lastKnownFileType = sourcecode.swift; path = SceneDelegate.swift; sourceTree = "<group>"; };
		645D91692618B348007E3D90 /* ViewController.swift */ = {isa = PBXFileReference; lastKnownFileType = sourcecode.swift; path = ViewController.swift; sourceTree = "<group>"; };
		645D916C2618B348007E3D90 /* Base */ = {isa = PBXFileReference; lastKnownFileType = file.storyboard; name = Base; path = Base.lproj/Main.storyboard; sourceTree = "<group>"; };
		645D916F2618B348007E3D90 /* GoodAsOldPhones_01.xcdatamodel */ = {isa = PBXFileReference; lastKnownFileType = wrapper.xcdatamodel; path = GoodAsOldPhones_01.xcdatamodel; sourceTree = "<group>"; };
		645D91712618B34A007E3D90 /* Assets.xcassets */ = {isa = PBXFileReference; lastKnownFileType = folder.assetcatalog; path = Assets.xcassets; sourceTree = "<group>"; };
		645D91742618B34A007E3D90 /* Base */ = {isa = PBXFileReference; lastKnownFileType = file.storyboard; name = Base; path = Base.lproj/LaunchScreen.storyboard; sourceTree = "<group>"; };
		645D91762618B34A007E3D90 /* Info.plist */ = {isa = PBXFileReference; lastKnownFileType = text.plist.xml; path = Info.plist; sourceTree = "<group>"; };
		645D917B2618B34A007E3D90 /* GoodAsOldPhones_01Tests.xctest */ = {isa = PBXFileReference; explicitFileType = wrapper.cfbundle; includeInIndex = 0; path = GoodAsOldPhones_01Tests.xctest; sourceTree = BUILT_PRODUCTS_DIR; };
		645D917F2618B34A007E3D90 /* GoodAsOldPhones_01Tests.swift */ = {isa = PBXFileReference; lastKnownFileType = sourcecode.swift; path = GoodAsOldPhones_01Tests.swift; sourceTree = "<group>"; };
		645D91812618B34A007E3D90 /* Info.plist */ = {isa = PBXFileReference; lastKnownFileType = text.plist.xml; path = Info.plist; sourceTree = "<group>"; };
		645D91862618B34A007E3D90 /* GoodAsOldPhones_01UITests.xctest */ = {isa = PBXFileReference; explicitFileType = wrapper.cfbundle; includeInIndex = 0; path = GoodAsOldPhones_01UITests.xctest; sourceTree = BUILT_PRODUCTS_DIR; };
		645D918A2618B34A007E3D90 /* GoodAsOldPhones_01UITests.swift */ = {isa = PBXFileReference; lastKnownFileType = sourcecode.swift; path = GoodAsOldPhones_01UITests.swift; sourceTree = "<group>"; };
		645D918C2618B34A007E3D90 /* Info.plist */ = {isa = PBXFileReference; lastKnownFileType = text.plist.xml; path = Info.plist; sourceTree = "<group>"; };
/* End PBXFileReference section */

/* Begin PBXFrameworksBuildPhase section */
		645D915F2618B348007E3D90 /* Frameworks */ = {
			isa = PBXFrameworksBuildPhase;
			buildActionMask = 2147483647;
			files = (
			);
			runOnlyForDeploymentPostprocessing = 0;
		};
		645D91782618B34A007E3D90 /* Frameworks */ = {
			isa = PBXFrameworksBuildPhase;
			buildActionMask = 2147483647;
			files = (
			);
			runOnlyForDeploymentPostprocessing = 0;
		};
		645D91832618B34A007E3D90 /* Frameworks */ = {
			isa = PBXFrameworksBuildPhase;
			buildActionMask = 2147483647;
			files = (
			);
			runOnlyForDeploymentPostprocessing = 0;
		};
/* End PBXFrameworksBuildPhase section */

/* Begin PBXGroup section */
		645D91592618B348007E3D90 = {
			isa = PBXGroup;
			children = (
				645D91642618B348007E3D90 /* GoodAsOldPhones_01 */,
				645D917E2618B34A007E3D90 /* GoodAsOldPhones_01Tests */,
				645D91892618B34A007E3D90 /* GoodAsOldPhones_01UITests */,
				645D91632618B348007E3D90 /* Products */,
			);
			sourceTree = "<group>";
		};
		645D91632618B348007E3D90 /* Products */ = {
			isa = PBXGroup;
			children = (
				645D91622618B348007E3D90 /* GoodAsOldPhones_01.app */,
				645D917B2618B34A007E3D90 /* GoodAsOldPhones_01Tests.xctest */,
				645D91862618B34A007E3D90 /* GoodAsOldPhones_01UITests.xctest */,
			);
			name = Products;
			sourceTree = "<group>";
		};
		645D91642618B348007E3D90 /* GoodAsOldPhones_01 */ = {
			isa = PBXGroup;
			children = (
				645D91652618B348007E3D90 /* AppDelegate.swift */,
				645D91672618B348007E3D90 /* SceneDelegate.swift */,
				645D91692618B348007E3D90 /* ViewController.swift */,
				645D916B2618B348007E3D90 /* Main.storyboard */,
				645D91712618B34A007E3D90 /* Assets.xcassets */,
				645D91732618B34A007E3D90 /* LaunchScreen.storyboard */,
				645D91762618B34A007E3D90 /* Info.plist */,
				645D916E2618B348007E3D90 /* GoodAsOldPhones_01.xcdatamodeld */,
			);
			path = GoodAsOldPhones_01;
			sourceTree = "<group>";
		};
		645D917E2618B34A007E3D90 /* GoodAsOldPhones_01Tests */ = {
			isa = PBXGroup;
			children = (
				645D917F2618B34A007E3D90 /* GoodAsOldPhones_01Tests.swift */,
				645D91812618B34A007E3D90 /* Info.plist */,
			);
			path = GoodAsOldPhones_01Tests;
			sourceTree = "<group>";
		};
		645D91892618B34A007E3D90 /* GoodAsOldPhones_01UITests */ = {
			isa = PBXGroup;
			children = (
				645D918A2618B34A007E3D90 /* GoodAsOldPhones_01UITests.swift */,
				645D918C2618B34A007E3D90 /* Info.plist */,
			);
			path = GoodAsOldPhones_01UITests;
			sourceTree = "<group>";
		};
/* End PBXGroup section */

/* Begin PBXNativeTarget section */
		645D91612618B348007E3D90 /* GoodAsOldPhones_01 */ = {
			isa = PBXNativeTarget;
			buildConfigurationList = 645D918F2618B34A007E3D90 /* Build configuration list for PBXNativeTarget "GoodAsOldPhones_01" */;
			buildPhases = (
				645D915E2618B348007E3D90 /* Sources */,
				645D915F2618B348007E3D90 /* Frameworks */,
				645D91602618B348007E3D90 /* Resources */,
			);
			buildRules = (
			);
			dependencies = (
			);
			name = GoodAsOldPhones_01;
			productName = GoodAsOldPhones_01;
			productReference = 645D91622618B348007E3D90 /* GoodAsOldPhones_01.app */;
			productType = "com.apple.product-type.application";
		};
		645D917A2618B34A007E3D90 /* GoodAsOldPhones_01Tests */ = {
			isa = PBXNativeTarget;
			buildConfigurationList = 645D91922618B34A007E3D90 /* Build configuration list for PBXNativeTarget "GoodAsOldPhones_01Tests" */;
			buildPhases = (
				645D91772618B34A007E3D90 /* Sources */,
				645D91782618B34A007E3D90 /* Frameworks */,
				645D91792618B34A007E3D90 /* Resources */,
			);
			buildRules = (
			);
			dependencies = (
				645D917D2618B34A007E3D90 /* PBXTargetDependency */,
			);
			name = GoodAsOldPhones_01Tests;
			productName = GoodAsOldPhones_01Tests;
			productReference = 645D917B2618B34A007E3D90 /* GoodAsOldPhones_01Tests.xctest */;
			productType = "com.apple.product-type.bundle.unit-test";
		};
		645D91852618B34A007E3D90 /* GoodAsOldPhones_01UITests */ = {
			isa = PBXNativeTarget;
			buildConfigurationList = 645D91952618B34A007E3D90 /* Build configuration list for PBXNativeTarget "GoodAsOldPhones_01UITests" */;
			buildPhases = (
				645D91822618B34A007E3D90 /* Sources */,
				645D91832618B34A007E3D90 /* Frameworks */,
				645D91842618B34A007E3D90 /* Resources */,
			);
			buildRules = (
			);
			dependencies = (
				645D91882618B34A007E3D90 /* PBXTargetDependency */,
			);
			name = GoodAsOldPhones_01UITests;
			productName = GoodAsOldPhones_01UITests;
			productReference = 645D91862618B34A007E3D90 /* GoodAsOldPhones_01UITests.xctest */;
			productType = "com.apple.product-type.bundle.ui-testing";
		};
/* End PBXNativeTarget section */

/* Begin PBXProject section */
		645D915A2618B348007E3D90 /* Project object */ = {
			isa = PBXProject;
			attributes = {
				LastSwiftUpdateCheck = 1240;
				LastUpgradeCheck = 1240;
				TargetAttributes = {
					645D91612618B348007E3D90 = {
						CreatedOnToolsVersion = 12.4;
					};
					645D917A2618B34A007E3D90 = {
						CreatedOnToolsVersion = 12.4;
						TestTargetID = 645D91612618B348007E3D90;
					};
					645D91852618B34A007E3D90 = {
						CreatedOnToolsVersion = 12.4;
						TestTargetID = 645D91612618B348007E3D90;
					};
				};
			};
			buildConfigurationList = 645D915D2618B348007E3D90 /* Build configuration list for PBXProject "GoodAsOldPhones_01" */;
			compatibilityVersion = "Xcode 9.3";
			developmentRegion = en;
			hasScannedForEncodings = 0;
			knownRegions = (
				en,
				Base,
			);
			mainGroup = 645D91592618B348007E3D90;
			productRefGroup = 645D91632618B348007E3D90 /* Products */;
			projectDirPath = "";
			projectRoot = "";
			targets = (
				645D91612618B348007E3D90 /* GoodAsOldPhones_01 */,
				645D917A2618B34A007E3D90 /* GoodAsOldPhones_01Tests */,
				645D91852618B34A007E3D90 /* GoodAsOldPhones_01UITests */,
			);
		};
/* End PBXProject section */

/* Begin PBXResourcesBuildPhase section */
		645D91602618B348007E3D90 /* Resources */ = {
			isa = PBXResourcesBuildPhase;
			buildActionMask = 2147483647;
			files = (
				645D91752618B34A007E3D90 /* LaunchScreen.storyboard in Resources */,
				645D91722618B34A007E3D90 /* Assets.xcassets in Resources */,
				645D916D2618B348007E3D90 /* Main.storyboard in Resources */,
			);
			runOnlyForDeploymentPostprocessing = 0;
		};
		645D91792618B34A007E3D90 /* Resources */ = {
			isa = PBXResourcesBuildPhase;
			buildActionMask = 2147483647;
			files = (
			);
			runOnlyForDeploymentPostprocessing = 0;
		};
		645D91842618B34A007E3D90 /* Resources */ = {
			isa = PBXResourcesBuildPhase;
			buildActionMask = 2147483647;
			files = (
			);
			runOnlyForDeploymentPostprocessing = 0;
		};
/* End PBXResourcesBuildPhase section */

/* Begin PBXSourcesBuildPhase section */
		645D915E2618B348007E3D90 /* Sources */ = {
			isa = PBXSourcesBuildPhase;
			buildActionMask = 2147483647;
			files = (
				645D91702618B348007E3D90 /* GoodAsOldPhones_01.xcdatamodeld in Sources */,
				645D916A2618B348007E3D90 /* ViewController.swift in Sources */,
				645D91662618B348007E3D90 /* AppDelegate.swift in Sources */,
				645D91682618B348007E3D90 /* SceneDelegate.swift in Sources */,
			);
			runOnlyForDeploymentPostprocessing = 0;
		};
		645D91772618B34A007E3D90 /* Sources */ = {
			isa = PBXSourcesBuildPhase;
			buildActionMask = 2147483647;
			files = (
				645D91802618B34A007E3D90 /* GoodAsOldPhones_01Tests.swift in Sources */,
			);
			runOnlyForDeploymentPostprocessing = 0;
		};
		645D91822618B34A007E3D90 /* Sources */ = {
			isa = PBXSourcesBuildPhase;
			buildActionMask = 2147483647;
			files = (
				645D918B2618B34A007E3D90 /* GoodAsOldPhones_01UITests.swift in Sources */,
			);
			runOnlyForDeploymentPostprocessing = 0;
		};
/* End PBXSourcesBuildPhase section */

/* Begin PBXTargetDependency section */
		645D917D2618B34A007E3D90 /* PBXTargetDependency */ = {
			isa = PBXTargetDependency;
			target = 645D91612618B348007E3D90 /* GoodAsOldPhones_01 */;
			targetProxy = 645D917C2618B34A007E3D90 /* PBXContainerItemProxy */;
		};
		645D91882618B34A007E3D90 /* PBXTargetDependency */ = {
			isa = PBXTargetDependency;
			target = 645D91612618B348007E3D90 /* GoodAsOldPhones_01 */;
			targetProxy = 645D91872618B34A007E3D90 /* PBXContainerItemProxy */;
		};
/* End PBXTargetDependency section */

/* Begin PBXVariantGroup section */
		645D916B2618B348007E3D90 /* Main.storyboard */ = {
			isa = PBXVariantGroup;
			children = (
				645D916C2618B348007E3D90 /* Base */,
			);
			name = Main.storyboard;
			sourceTree = "<group>";
		};
		645D91732618B34A007E3D90 /* LaunchScreen.storyboard */ = {
			isa = PBXVariantGroup;
			children = (
				645D91742618B34A007E3D90 /* Base */,
			);
			name = LaunchScreen.storyboard;
			sourceTree = "<group>";
		};
/* End PBXVariantGroup section */

/* Begin XCBuildConfiguration section */
		645D918D2618B34A007E3D90 /* Debug */ = {
			isa = XCBuildConfiguration;
			buildSettings = {
				ALWAYS_SEARCH_USER_PATHS = NO;
				CLANG_ANALYZER_NONNULL = YES;
				CLANG_ANALYZER_NUMBER_OBJECT_CONVERSION = YES_AGGRESSIVE;
				CLANG_CXX_LANGUAGE_STANDARD = "gnu++14";
				CLANG_CXX_LIBRARY = "libc++";
				CLANG_ENABLE_MODULES = YES;
				CLANG_ENABLE_OBJC_ARC = YES;
				CLANG_ENABLE_OBJC_WEAK = YES;
				CLANG_WARN_BLOCK_CAPTURE_AUTORELEASING = YES;
				CLANG_WARN_BOOL_CONVERSION = YES;
				CLANG_WARN_COMMA = YES;
				CLANG_WARN_CONSTANT_CONVERSION = YES;
				CLANG_WARN_DEPRECATED_OBJC_IMPLEMENTATIONS = YES;
				CLANG_WARN_DIRECT_OBJC_ISA_USAGE = YES_ERROR;
				CLANG_WARN_DOCUMENTATION_COMMENTS = YES;
				CLANG_WARN_EMPTY_BODY = YES;
				CLANG_WARN_ENUM_CONVERSION = YES;
				CLANG_WARN_INFINITE_RECURSION = YES;
				CLANG_WARN_INT_CONVERSION = YES;
				CLANG_WARN_NON_LITERAL_NULL_CONVERSION = YES;
				CLANG_WARN_OBJC_IMPLICIT_RETAIN_SELF = YES;
				CLANG_WARN_OBJC_LITERAL_CONVERSION = YES;
				CLANG_WARN_OBJC_ROOT_CLASS = YES_ERROR;
				CLANG_WARN_QUOTED_INCLUDE_IN_FRAMEWORK_HEADER = YES;
				CLANG_WARN_RANGE_LOOP_ANALYSIS = YES;
				CLANG_WARN_STRICT_PROTOTYPES = YES;
				CLANG_WARN_SUSPICIOUS_MOVE = YES;
				CLANG_WARN_UNGUARDED_AVAILABILITY = YES_AGGRESSIVE;
				CLANG_WARN_UNREACHABLE_CODE = YES;
				CLANG_WARN__DUPLICATE_METHOD_MATCH = YES;
				COPY_PHASE_STRIP = NO;
				DEBUG_INFORMATION_FORMAT = dwarf;
				ENABLE_STRICT_OBJC_MSGSEND = YES;
				ENABLE_TESTABILITY = YES;
				GCC_C_LANGUAGE_STANDARD = gnu11;
				GCC_DYNAMIC_NO_PIC = NO;
				GCC_NO_COMMON_BLOCKS = YES;
				GCC_OPTIMIZATION_LEVEL = 0;
				GCC_PREPROCESSOR_DEFINITIONS = (
					"DEBUG=1",
					"$(inherited)",
				);
				GCC_WARN_64_TO_32_BIT_CONVERSION = YES;
				GCC_WARN_ABOUT_RETURN_TYPE = YES_ERROR;
				GCC_WARN_UNDECLARED_SELECTOR = YES;
				GCC_WARN_UNINITIALIZED_AUTOS = YES_AGGRESSIVE;
				GCC_WARN_UNUSED_FUNCTION = YES;
				GCC_WARN_UNUSED_VARIABLE = YES;
				IPHONEOS_DEPLOYMENT_TARGET = 14.4;
				MTL_ENABLE_DEBUG_INFO = INCLUDE_SOURCE;
				MTL_FAST_MATH = YES;
				ONLY_ACTIVE_ARCH = YES;
				SDKROOT = iphoneos;
				SWIFT_ACTIVE_COMPILATION_CONDITIONS = DEBUG;
				SWIFT_OPTIMIZATION_LEVEL = "-Onone";
			};
			name = Debug;
		};
		645D918E2618B34A007E3D90 /* Release */ = {
			isa = XCBuildConfiguration;
			buildSettings = {
				ALWAYS_SEARCH_USER_PATHS = NO;
				CLANG_ANALYZER_NONNULL = YES;
				CLANG_ANALYZER_NUMBER_OBJECT_CONVERSION = YES_AGGRESSIVE;
				CLANG_CXX_LANGUAGE_STANDARD = "gnu++14";
				CLANG_CXX_LIBRARY = "libc++";
				CLANG_ENABLE_MODULES = YES;
				CLANG_ENABLE_OBJC_ARC = YES;
				CLANG_ENABLE_OBJC_WEAK = YES;
				CLANG_WARN_BLOCK_CAPTURE_AUTORELEASING = YES;
				CLANG_WARN_BOOL_CONVERSION = YES;
				CLANG_WARN_COMMA = YES;
				CLANG_WARN_CONSTANT_CONVERSION = YES;
				CLANG_WARN_DEPRECATED_OBJC_IMPLEMENTATIONS = YES;
				CLANG_WARN_DIRECT_OBJC_ISA_USAGE = YES_ERROR;
				CLANG_WARN_DOCUMENTATION_COMMENTS = YES;
				CLANG_WARN_EMPTY_BODY = YES;
				CLANG_WARN_ENUM_CONVERSION = YES;
				CLANG_WARN_INFINITE_RECURSION = YES;
				CLANG_WARN_INT_CONVERSION = YES;
				CLANG_WARN_NON_LITERAL_NULL_CONVERSION = YES;
				CLANG_WARN_OBJC_IMPLICIT_RETAIN_SELF = YES;
				CLANG_WARN_OBJC_LITERAL_CONVERSION = YES;
				CLANG_WARN_OBJC_ROOT_CLASS = YES_ERROR;
				CLANG_WARN_QUOTED_INCLUDE_IN_FRAMEWORK_HEADER = YES;
				CLANG_WARN_RANGE_LOOP_ANALYSIS = YES;
				CLANG_WARN_STRICT_PROTOTYPES = YES;
				CLANG_WARN_SUSPICIOUS_MOVE = YES;
				CLANG_WARN_UNGUARDED_AVAILABILITY = YES_AGGRESSIVE;
				CLANG_WARN_UNREACHABLE_CODE = YES;
				CLANG_WARN__DUPLICATE_METHOD_MATCH = YES;
				COPY_PHASE_STRIP = NO;
				DEBUG_INFORMATION_FORMAT = "dwarf-with-dsym";
				ENABLE_NS_ASSERTIONS = NO;
				ENABLE_STRICT_OBJC_MSGSEND = YES;
				GCC_C_LANGUAGE_STANDARD = gnu11;
				GCC_NO_COMMON_BLOCKS = YES;
				GCC_WARN_64_TO_32_BIT_CONVERSION = YES;
				GCC_WARN_ABOUT_RETURN_TYPE = YES_ERROR;
				GCC_WARN_UNDECLARED_SELECTOR = YES;
				GCC_WARN_UNINITIALIZED_AUTOS = YES_AGGRESSIVE;
				GCC_WARN_UNUSED_FUNCTION = YES;
				GCC_WARN_UNUSED_VARIABLE = YES;
				IPHONEOS_DEPLOYMENT_TARGET = 14.4;
				MTL_ENABLE_DEBUG_INFO = NO;
				MTL_FAST_MATH = YES;
				SDKROOT = iphoneos;
				SWIFT_COMPILATION_MODE = wholemodule;
				SWIFT_OPTIMIZATION_LEVEL = "-O";
				VALIDATE_PRODUCT = YES;
			};
			name = Release;
		};
		645D91902618B34A007E3D90 /* Debug */ = {
			isa = XCBuildConfiguration;
			buildSettings = {
				ASSETCATALOG_COMPILER_APPICON_NAME = AppIcon;
				ASSETCATALOG_COMPILER_GLOBAL_ACCENT_COLOR_NAME = AccentColor;
				CODE_SIGN_STYLE = Automatic;
				DEVELOPMENT_TEAM = Y62JQKC4LG;
				INFOPLIST_FILE = GoodAsOldPhones_01/Info.plist;
				LD_RUNPATH_SEARCH_PATHS = (
					"$(inherited)",
					"@executable_path/Frameworks",
				);
				PRODUCT_BUNDLE_IDENTIFIER = "elon.GoodAsOldPhones-01";
				PRODUCT_NAME = "$(TARGET_NAME)";
				SWIFT_VERSION = 5.0;
				TARGETED_DEVICE_FAMILY = "1,2";
			};
			name = Debug;
		};
		645D91912618B34A007E3D90 /* Release */ = {
			isa = XCBuildConfiguration;
			buildSettings = {
				ASSETCATALOG_COMPILER_APPICON_NAME = AppIcon;
				ASSETCATALOG_COMPILER_GLOBAL_ACCENT_COLOR_NAME = AccentColor;
				CODE_SIGN_STYLE = Automatic;
				DEVELOPMENT_TEAM = Y62JQKC4LG;
				INFOPLIST_FILE = GoodAsOldPhones_01/Info.plist;
				LD_RUNPATH_SEARCH_PATHS = (
					"$(inherited)",
					"@executable_path/Frameworks",
				);
				PRODUCT_BUNDLE_IDENTIFIER = "elon.GoodAsOldPhones-01";
				PRODUCT_NAME = "$(TARGET_NAME)";
				SWIFT_VERSION = 5.0;
				TARGETED_DEVICE_FAMILY = "1,2";
			};
			name = Release;
		};
		645D91932618B34A007E3D90 /* Debug */ = {
			isa = XCBuildConfiguration;
			buildSettings = {
				ALWAYS_EMBED_SWIFT_STANDARD_LIBRARIES = YES;
				BUNDLE_LOADER = "$(TEST_HOST)";
				CODE_SIGN_STYLE = Automatic;
				DEVELOPMENT_TEAM = Y62JQKC4LG;
				INFOPLIST_FILE = GoodAsOldPhones_01Tests/Info.plist;
				IPHONEOS_DEPLOYMENT_TARGET = 14.4;
				LD_RUNPATH_SEARCH_PATHS = (
					"$(inherited)",
					"@executable_path/Frameworks",
					"@loader_path/Frameworks",
				);
				PRODUCT_BUNDLE_IDENTIFIER = "elon.GoodAsOldPhones-01Tests";
				PRODUCT_NAME = "$(TARGET_NAME)";
				SWIFT_VERSION = 5.0;
				TARGETED_DEVICE_FAMILY = "1,2";
				TEST_HOST = "$(BUILT_PRODUCTS_DIR)/GoodAsOldPhones_01.app/GoodAsOldPhones_01";
			};
			name = Debug;
		};
		645D91942618B34A007E3D90 /* Release */ = {
			isa = XCBuildConfiguration;
			buildSettings = {
				ALWAYS_EMBED_SWIFT_STANDARD_LIBRARIES = YES;
				BUNDLE_LOADER = "$(TEST_HOST)";
				CODE_SIGN_STYLE = Automatic;
				DEVELOPMENT_TEAM = Y62JQKC4LG;
				INFOPLIST_FILE = GoodAsOldPhones_01Tests/Info.plist;
				IPHONEOS_DEPLOYMENT_TARGET = 14.4;
				LD_RUNPATH_SEARCH_PATHS = (
					"$(inherited)",
					"@executable_path/Frameworks",
					"@loader_path/Frameworks",
				);
				PRODUCT_BUNDLE_IDENTIFIER = "elon.GoodAsOldPhones-01Tests";
				PRODUCT_NAME = "$(TARGET_NAME)";
				SWIFT_VERSION = 5.0;
				TARGETED_DEVICE_FAMILY = "1,2";
				TEST_HOST = "$(BUILT_PRODUCTS_DIR)/GoodAsOldPhones_01.app/GoodAsOldPhones_01";
			};
			name = Release;
		};
		645D91962618B34A007E3D90 /* Debug */ = {
			isa = XCBuildConfiguration;
			buildSettings = {
				ALWAYS_EMBED_SWIFT_STANDARD_LIBRARIES = YES;
				CODE_SIGN_STYLE = Automatic;
				DEVELOPMENT_TEAM = Y62JQKC4LG;
				INFOPLIST_FILE = GoodAsOldPhones_01UITests/Info.plist;
				LD_RUNPATH_SEARCH_PATHS = (
					"$(inherited)",
					"@executable_path/Frameworks",
					"@loader_path/Frameworks",
				);
				PRODUCT_BUNDLE_IDENTIFIER = "elon.GoodAsOldPhones-01UITests";
				PRODUCT_NAME = "$(TARGET_NAME)";
				SWIFT_VERSION = 5.0;
				TARGETED_DEVICE_FAMILY = "1,2";
				TEST_TARGET_NAME = GoodAsOldPhones_01;
			};
			name = Debug;
		};
		645D91972618B34A007E3D90 /* Release */ = {
			isa = XCBuildConfiguration;
			buildSettings = {
				ALWAYS_EMBED_SWIFT_STANDARD_LIBRARIES = YES;
				CODE_SIGN_STYLE = Automatic;
				DEVELOPMENT_TEAM = Y62JQKC4LG;
				INFOPLIST_FILE = GoodAsOldPhones_01UITests/Info.plist;
				LD_RUNPATH_SEARCH_PATHS = (
					"$(inherited)",
					"@executable_path/Frameworks",
					"@loader_path/Frameworks",
				);
				PRODUCT_BUNDLE_IDENTIFIER = "elon.GoodAsOldPhones-01UITests";
				PRODUCT_NAME = "$(TARGET_NAME)";
				SWIFT_VERSION = 5.0;
				TARGETED_DEVICE_FAMILY = "1,2";
				TEST_TARGET_NAME = GoodAsOldPhones_01;
			};
			name = Release;
		};
/* End XCBuildConfiguration section */

/* Begin XCConfigurationList section */
		645D915D2618B348007E3D90 /* Build configuration list for PBXProject "GoodAsOldPhones_01" */ = {
			isa = XCConfigurationList;
			buildConfigurations = (
				645D918D2618B34A007E3D90 /* Debug */,
				645D918E2618B34A007E3D90 /* Release */,
			);
			defaultConfigurationIsVisible = 0;
			defaultConfigurationName = Release;
		};
		645D918F2618B34A007E3D90 /* Build configuration list for PBXNativeTarget "GoodAsOldPhones_01" */ = {
			isa = XCConfigurationList;
			buildConfigurations = (
				645D91902618B34A007E3D90 /* Debug */,
				645D91912618B34A007E3D90 /* Release */,
			);
			defaultConfigurationIsVisible = 0;
			defaultConfigurationName = Release;
		};
		645D91922618B34A007E3D90 /* Build configuration list for PBXNativeTarget "GoodAsOldPhones_01Tests" */ = {
			isa = XCConfigurationList;
			buildConfigurations = (
				645D91932618B34A007E3D90 /* Debug */,
				645D91942618B34A007E3D90 /* Release */,
			);
			defaultConfigurationIsVisible = 0;
			defaultConfigurationName = Release;
		};
		645D91952618B34A007E3D90 /* Build configuration list for PBXNativeTarget "GoodAsOldPhones_01UITests" */ = {
			isa = XCConfigurationList;
			buildConfigurations = (
				645D91962618B34A007E3D90 /* Debug */,
				645D91972618B34A007E3D90 /* Release */,
			);
			defaultConfigurationIsVisible = 0;
			defaultConfigurationName = Release;
		};
/* End XCConfigurationList section */

/* Begin XCVersionGroup section */
		645D916E2618B348007E3D90 /* GoodAsOldPhones_01.xcdatamodeld */ = {
			isa = XCVersionGroup;
			children = (
				645D916F2618B348007E3D90 /* GoodAsOldPhones_01.xcdatamodel */,
			);
			currentVersion = 645D916F2618B348007E3D90 /* GoodAsOldPhones_01.xcdatamodel */;
			path = GoodAsOldPhones_01.xcdatamodeld;
			sourceTree = "<group>";
			versionGroupType = wrapper.xcdatamodel;
		};
/* End XCVersionGroup section */
	};
	rootObject = 645D915A2618B348007E3D90 /* Project object */;
}
